
Microsoft Visual Studio Solution File, Format Version 12.00
# Visual Studio Version 16
VisualStudioVersion = 16.0.33423.256
MinimumVisualStudioVersion = 10.0.40219.1
Project("{FAE04EC0-301F-11D3-BF4B-00C04F79EFBC}") = "ProjectManagementPizza", "ProjectManagementPizza\ProjectManagementPizza.csproj", "{E550AB5D-CE96-4E08-B300-34A3E3C3B729}"
EndProject
Global
	GlobalSection(SolutionConfigurationPlatforms) = preSolution
		Debug|Any CPU = Debug|Any CPU
		Release|Any CPU = Release|Any CPU
	EndGlobalSection
	GlobalSection(ProjectConfigurationPlatforms) = postSolution
		{E550AB5D-CE96-4E08-B300-34A3E3C3B729}.Debug|Any CPU.ActiveCfg = Debug|Any CPU
		{E550AB5D-CE96-4E08-B300-34A3E3C3B729}.Debug|Any CPU.Build.0 = Debug|Any CPU
		{E550AB5D-CE96-4E08-B300-34A3E3C3B729}.Release|Any CPU.ActiveCfg = Release|Any CPU
		{E550AB5D-CE96-4E08-B300-34A3E3C3B729}.Release|Any CPU.Build.0 = Release|Any CPU
	EndGlobalSection
	GlobalSection(SolutionProperties) = preSolution
		HideSolutionNode = FALSE
	EndGlobalSection
	GlobalSection(ExtensibilityGlobals) = postSolution
		SolutionGuid = {34870C43-09D8-44C6-99F0-1E4241072CFF}
	EndGlobalSection
EndGlobal
